
Microsoft Visual Studio Solution File, Format Version 12.00
# Visual Studio Version 17
VisualStudioVersion = 17.4.33213.308
MinimumVisualStudioVersion = 10.0.40219.1
Project("{FAE04EC0-301F-11D3-BF4B-00C04F79EFBC}") = "Man", "Man\Man.csproj", "{2085E6F5-3A79-4900-9832-4994355EC523}"
EndProject
Global
	GlobalSection(SolutionConfigurationPlatforms) = preSolution
		Debug|Any CPU = Debug|Any CPU
		Release|Any CPU = Release|Any CPU
	EndGlobalSection
	GlobalSection(ProjectConfigurationPlatforms) = postSolution
		{2085E6F5-3A79-4900-9832-4994355EC523}.Debug|Any CPU.ActiveCfg = Debug|Any CPU
		{2085E6F5-3A79-4900-9832-4994355EC523}.Debug|Any CPU.Build.0 = Debug|Any CPU
		{2085E6F5-3A79-4900-9832-4994355EC523}.Release|Any CPU.ActiveCfg = Release|Any CPU
		{2085E6F5-3A79-4900-9832-4994355EC523}.Release|Any CPU.Build.0 = Release|Any CPU
	EndGlobalSection
	GlobalSection(SolutionProperties) = preSolution
		HideSolutionNode = FALSE
	EndGlobalSection
	GlobalSection(ExtensibilityGlobals) = postSolution
		SolutionGuid = {A0413F3E-81A5-4502-8201-0D310ED57603}
	EndGlobalSection
EndGlobal
